
Microsoft Visual Studio Solution File, Format Version 12.00
Project("{FAE04EC0-301F-11D3-BF4B-00C04F79EFBC}") = "StudentBlogAPI", "StudentBlogAPI\StudentBlogAPI.csproj", "{1EB28D15-EA7F-4862-9BB4-141C02C0EB6C}"
EndProject
Project("{2150E333-8FDC-42A3-9474-1A3956D46DE8}") = "Testing", "Testing", "{335DA2FD-5100-4340-A432-5733A2419A2B}"
EndProject
Project("{FAE04EC0-301F-11D3-BF4B-00C04F79EFBC}") = "StudentBlogAPI.UnitTests", "StudentBlogAPI.UnitTests\StudentBlogAPI.UnitTests.csproj", "{5259BEEC-9B8C-4F63-9D40-026C1B2D34F2}"
EndProject
Project("{FAE04EC0-301F-11D3-BF4B-00C04F79EFBC}") = "StudentBlogAPI.IntegrationTests", "StudentBlogAPI.IntegrationTests\StudentBlogAPI.IntegrationTests.csproj", "{EC852C86-E9C2-4B5A-A7EE-54F8F8EA172F}"
EndProject
Project("{2150E333-8FDC-42A3-9474-1A3956D46DE8}") = "src", "src", "{44BC407B-DA77-4361-ACCE-952EA6E0970E}"
EndProject
Global
	GlobalSection(SolutionConfigurationPlatforms) = preSolution
		Debug|Any CPU = Debug|Any CPU
		Release|Any CPU = Release|Any CPU
	EndGlobalSection
	GlobalSection(ProjectConfigurationPlatforms) = postSolution
		{1EB28D15-EA7F-4862-9BB4-141C02C0EB6C}.Debug|Any CPU.ActiveCfg = Debug|Any CPU
		{1EB28D15-EA7F-4862-9BB4-141C02C0EB6C}.Debug|Any CPU.Build.0 = Debug|Any CPU
		{1EB28D15-EA7F-4862-9BB4-141C02C0EB6C}.Release|Any CPU.ActiveCfg = Release|Any CPU
		{1EB28D15-EA7F-4862-9BB4-141C02C0EB6C}.Release|Any CPU.Build.0 = Release|Any CPU
		{5259BEEC-9B8C-4F63-9D40-026C1B2D34F2}.Debug|Any CPU.ActiveCfg = Debug|Any CPU
		{5259BEEC-9B8C-4F63-9D40-026C1B2D34F2}.Debug|Any CPU.Build.0 = Debug|Any CPU
		{5259BEEC-9B8C-4F63-9D40-026C1B2D34F2}.Release|Any CPU.ActiveCfg = Release|Any CPU
		{5259BEEC-9B8C-4F63-9D40-026C1B2D34F2}.Release|Any CPU.Build.0 = Release|Any CPU
		{EC852C86-E9C2-4B5A-A7EE-54F8F8EA172F}.Debug|Any CPU.ActiveCfg = Debug|Any CPU
		{EC852C86-E9C2-4B5A-A7EE-54F8F8EA172F}.Debug|Any CPU.Build.0 = Debug|Any CPU
		{EC852C86-E9C2-4B5A-A7EE-54F8F8EA172F}.Release|Any CPU.ActiveCfg = Release|Any CPU
		{EC852C86-E9C2-4B5A-A7EE-54F8F8EA172F}.Release|Any CPU.Build.0 = Release|Any CPU
	EndGlobalSection
	GlobalSection(NestedProjects) = preSolution
		{5259BEEC-9B8C-4F63-9D40-026C1B2D34F2} = {335DA2FD-5100-4340-A432-5733A2419A2B}
		{EC852C86-E9C2-4B5A-A7EE-54F8F8EA172F} = {335DA2FD-5100-4340-A432-5733A2419A2B}
		{1EB28D15-EA7F-4862-9BB4-141C02C0EB6C} = {44BC407B-DA77-4361-ACCE-952EA6E0970E}
	EndGlobalSection
EndGlobal
